
Microsoft Visual Studio Solution File, Format Version 12.00
# Visual Studio 15
VisualStudioVersion = 15.0.27130.2010
MinimumVisualStudioVersion = 10.0.40219.1
Project("{2150E333-8FDC-42A3-9474-1A3956D46DE8}") = "Unit Tests", "Unit Tests", "{CB27913A-D1A4-41FB-AB8D-34414066D0A3}"
EndProject
Project("{FAE04EC0-301F-11D3-BF4B-00C04F79EFBC}") = "Common.TestSupport", "Tests\Common.TestSupport\Common.TestSupport.csproj", "{C6DE0220-E31B-486B-AB57-107636AEB927}"
EndProject
Project("{FAE04EC0-301F-11D3-BF4B-00C04F79EFBC}") = "Common.Tests.VSTS", "Tests\Common\Common.Tests.VSTS.csproj", "{02FC8CE2-2CB3-41B6-8516-0A27B99708A9}"
EndProject
Project("{9A19103F-16F7-4668-BE54-9A1E7A4F7556}") = "Common", "Src\Common.csproj", "{5157B25E-ED80-476A-A9F9-2CD6FE39F67C}"
EndProject
Global
	GlobalSection(SolutionConfigurationPlatforms) = preSolution
		Debug|Any CPU = Debug|Any CPU
		Release|Any CPU = Release|Any CPU
	EndGlobalSection
	GlobalSection(ProjectConfigurationPlatforms) = postSolution
		{C6DE0220-E31B-486B-AB57-107636AEB927}.Debug|Any CPU.ActiveCfg = Debug|Any CPU
		{C6DE0220-E31B-486B-AB57-107636AEB927}.Debug|Any CPU.Build.0 = Debug|Any CPU
		{C6DE0220-E31B-486B-AB57-107636AEB927}.Release|Any CPU.ActiveCfg = Release|Any CPU
		{C6DE0220-E31B-486B-AB57-107636AEB927}.Release|Any CPU.Build.0 = Release|Any CPU
		{02FC8CE2-2CB3-41B6-8516-0A27B99708A9}.Debug|Any CPU.ActiveCfg = Debug|Any CPU
		{02FC8CE2-2CB3-41B6-8516-0A27B99708A9}.Debug|Any CPU.Build.0 = Debug|Any CPU
		{02FC8CE2-2CB3-41B6-8516-0A27B99708A9}.Release|Any CPU.ActiveCfg = Release|Any CPU
		{02FC8CE2-2CB3-41B6-8516-0A27B99708A9}.Release|Any CPU.Build.0 = Release|Any CPU
		{5157B25E-ED80-476A-A9F9-2CD6FE39F67C}.Debug|Any CPU.ActiveCfg = Debug|Any CPU
		{5157B25E-ED80-476A-A9F9-2CD6FE39F67C}.Debug|Any CPU.Build.0 = Debug|Any CPU
		{5157B25E-ED80-476A-A9F9-2CD6FE39F67C}.Release|Any CPU.ActiveCfg = Release|Any CPU
		{5157B25E-ED80-476A-A9F9-2CD6FE39F67C}.Release|Any CPU.Build.0 = Release|Any CPU
	EndGlobalSection
	GlobalSection(SolutionProperties) = preSolution
		HideSolutionNode = FALSE
	EndGlobalSection
	GlobalSection(NestedProjects) = preSolution
		{C6DE0220-E31B-486B-AB57-107636AEB927} = {CB27913A-D1A4-41FB-AB8D-34414066D0A3}
		{02FC8CE2-2CB3-41B6-8516-0A27B99708A9} = {CB27913A-D1A4-41FB-AB8D-34414066D0A3}
	EndGlobalSection
	GlobalSection(ExtensibilityGlobals) = postSolution
		SolutionGuid = {CB0AAE53-50C5-44EF-AED6-C7F88C86ABCA}
	EndGlobalSection
EndGlobal
